
Microsoft Visual Studio Solution File, Format Version 12.00
# Visual Studio Version 17
VisualStudioVersion = 17.11.35312.102
MinimumVisualStudioVersion = 10.0.40219.1
Project("{FAE04EC0-301F-11D3-BF4B-00C04F79EFBC}") = "Encapsulation", "Encapsulation\Encapsulation.csproj", "{315946AD-0D7E-44E2-A75A-10470A480936}"
EndProject
Global
	GlobalSection(SolutionConfigurationPlatforms) = preSolution
		Debug|Any CPU = Debug|Any CPU
		Release|Any CPU = Release|Any CPU
	EndGlobalSection
	GlobalSection(ProjectConfigurationPlatforms) = postSolution
		{315946AD-0D7E-44E2-A75A-10470A480936}.Debug|Any CPU.ActiveCfg = Debug|Any CPU
		{315946AD-0D7E-44E2-A75A-10470A480936}.Debug|Any CPU.Build.0 = Debug|Any CPU
		{315946AD-0D7E-44E2-A75A-10470A480936}.Release|Any CPU.ActiveCfg = Release|Any CPU
		{315946AD-0D7E-44E2-A75A-10470A480936}.Release|Any CPU.Build.0 = Release|Any CPU
	EndGlobalSection
	GlobalSection(SolutionProperties) = preSolution
		HideSolutionNode = FALSE
	EndGlobalSection
	GlobalSection(ExtensibilityGlobals) = postSolution
		SolutionGuid = {0E7FF299-8F59-424E-BDD2-0774AE6267CD}
	EndGlobalSection
EndGlobal
