
Microsoft Visual Studio Solution File, Format Version 12.00
# Visual Studio Version 17
VisualStudioVersion = 17.11.35312.102
MinimumVisualStudioVersion = 10.0.40219.1
Project("{FAE04EC0-301F-11D3-BF4B-00C04F79EFBC}") = "Polymorphism", "Polymorphism\Polymorphism.csproj", "{B31BF158-E33B-4DA0-AA23-E29E862E9388}"
EndProject
Global
	GlobalSection(SolutionConfigurationPlatforms) = preSolution
		Debug|Any CPU = Debug|Any CPU
		Release|Any CPU = Release|Any CPU
	EndGlobalSection
	GlobalSection(ProjectConfigurationPlatforms) = postSolution
		{B31BF158-E33B-4DA0-AA23-E29E862E9388}.Debug|Any CPU.ActiveCfg = Debug|Any CPU
		{B31BF158-E33B-4DA0-AA23-E29E862E9388}.Debug|Any CPU.Build.0 = Debug|Any CPU
		{B31BF158-E33B-4DA0-AA23-E29E862E9388}.Release|Any CPU.ActiveCfg = Release|Any CPU
		{B31BF158-E33B-4DA0-AA23-E29E862E9388}.Release|Any CPU.Build.0 = Release|Any CPU
	EndGlobalSection
	GlobalSection(SolutionProperties) = preSolution
		HideSolutionNode = FALSE
	EndGlobalSection
	GlobalSection(ExtensibilityGlobals) = postSolution
		SolutionGuid = {5252FD44-7153-4511-BC45-71E6ABAE264B}
	EndGlobalSection
EndGlobal
