
Microsoft Visual Studio Solution File, Format Version 12.00
# Visual Studio Version 17
VisualStudioVersion = 17.11.35312.102
MinimumVisualStudioVersion = 10.0.40219.1
Project("{FAE04EC0-301F-11D3-BF4B-00C04F79EFBC}") = "StringMethods", "StringMethods\StringMethods.csproj", "{B4C2007B-E373-4835-A5EE-7373AB9AA739}"
EndProject
Global
	GlobalSection(SolutionConfigurationPlatforms) = preSolution
		Debug|Any CPU = Debug|Any CPU
		Release|Any CPU = Release|Any CPU
	EndGlobalSection
	GlobalSection(ProjectConfigurationPlatforms) = postSolution
		{B4C2007B-E373-4835-A5EE-7373AB9AA739}.Debug|Any CPU.ActiveCfg = Debug|Any CPU
		{B4C2007B-E373-4835-A5EE-7373AB9AA739}.Debug|Any CPU.Build.0 = Debug|Any CPU
		{B4C2007B-E373-4835-A5EE-7373AB9AA739}.Release|Any CPU.ActiveCfg = Release|Any CPU
		{B4C2007B-E373-4835-A5EE-7373AB9AA739}.Release|Any CPU.Build.0 = Release|Any CPU
	EndGlobalSection
	GlobalSection(SolutionProperties) = preSolution
		HideSolutionNode = FALSE
	EndGlobalSection
	GlobalSection(ExtensibilityGlobals) = postSolution
		SolutionGuid = {767E128A-0FE4-4103-A6C1-8F6CB57B8F66}
	EndGlobalSection
EndGlobal
